
Microsoft Visual Studio Solution File, Format Version 12.00
# Visual Studio Version 17
VisualStudioVersion = 17.12.35527.113
MinimumVisualStudioVersion = 10.0.40219.1
Project("{FAE04EC0-301F-11D3-BF4B-00C04F79EFBC}") = "TP-FinalProgramacion3", "TP-FinalProgramacion3\TP-FinalProgramacion3.csproj", "{086D4CFE-22AC-4ACC-A6FB-01B6873CF69A}"
EndProject
Project("{FAE04EC0-301F-11D3-BF4B-00C04F79EFBC}") = "dominio", "dominio\dominio.csproj", "{C0C2018A-9373-4594-B8F2-9C9CF85AADD7}"
EndProject
Project("{FAE04EC0-301F-11D3-BF4B-00C04F79EFBC}") = "negocio", "negocio\negocio.csproj", "{F39E5F53-A64E-4A32-9CC3-F0DB3500E00C}"
EndProject
Global
	GlobalSection(SolutionConfigurationPlatforms) = preSolution
		Debug|Any CPU = Debug|Any CPU
		Release|Any CPU = Release|Any CPU
	EndGlobalSection
	GlobalSection(ProjectConfigurationPlatforms) = postSolution
		{086D4CFE-22AC-4ACC-A6FB-01B6873CF69A}.Debug|Any CPU.ActiveCfg = Debug|Any CPU
		{086D4CFE-22AC-4ACC-A6FB-01B6873CF69A}.Debug|Any CPU.Build.0 = Debug|Any CPU
		{086D4CFE-22AC-4ACC-A6FB-01B6873CF69A}.Release|Any CPU.ActiveCfg = Release|Any CPU
		{086D4CFE-22AC-4ACC-A6FB-01B6873CF69A}.Release|Any CPU.Build.0 = Release|Any CPU
		{C0C2018A-9373-4594-B8F2-9C9CF85AADD7}.Debug|Any CPU.ActiveCfg = Debug|Any CPU
		{C0C2018A-9373-4594-B8F2-9C9CF85AADD7}.Debug|Any CPU.Build.0 = Debug|Any CPU
		{C0C2018A-9373-4594-B8F2-9C9CF85AADD7}.Release|Any CPU.ActiveCfg = Release|Any CPU
		{C0C2018A-9373-4594-B8F2-9C9CF85AADD7}.Release|Any CPU.Build.0 = Release|Any CPU
		{F39E5F53-A64E-4A32-9CC3-F0DB3500E00C}.Debug|Any CPU.ActiveCfg = Debug|Any CPU
		{F39E5F53-A64E-4A32-9CC3-F0DB3500E00C}.Debug|Any CPU.Build.0 = Debug|Any CPU
		{F39E5F53-A64E-4A32-9CC3-F0DB3500E00C}.Release|Any CPU.ActiveCfg = Release|Any CPU
		{F39E5F53-A64E-4A32-9CC3-F0DB3500E00C}.Release|Any CPU.Build.0 = Release|Any CPU
	EndGlobalSection
	GlobalSection(SolutionProperties) = preSolution
		HideSolutionNode = FALSE
	EndGlobalSection
EndGlobal
